<?xml version="1.0" encoding="utf-8"?>
<Project ToolsVersion="4.0" xmlns="http://schemas.microsoft.com/developer/msbuild/2003">
  <ItemGroup>
    <Filter Include="app">
      <UniqueIdentifier>{6a6c24bd-7110-4436-97af-07990da17abf}</UniqueIdentifier>
    </Filter>
    <Filter Include="app\RtAudioMidi">
      <UniqueIdentifier>{ef87c677-1479-44bc-aef8-7ba960ef233d}</UniqueIdentifier>
    </Filter>
    <Filter Include="app\ASIO_SDK">
      <UniqueIdentifier>{b91b9db4-5584-4959-a395-7394ba3cf5a3}</UniqueIdentifier>
    </Filter>
    <Filter Include="Enums">
      <UniqueIdentifier>{b1768a36-4cbc-4a1d-a6e2-1ae2cce8966b}</UniqueIdentifier>
    </Filter>
    <Filter Include="Resources">
      <UniqueIdentifier>{c388517a-690a-4a21-a559-1e62af3ddee1}</UniqueIdentifier>
    </Filter>
    <Filter Include="Constants">
      <UniqueIdentifier>{53c86664-1252-4861-9a8a-78911ecf46eb}</UniqueIdentifier>
    </Filter>
    <Filter Include="Structs">
      <UniqueIdentifier>{8da4581e-ddcc-4a32-a827-d39e6a8d8593}</UniqueIdentifier>
    </Filter>
    <Filter Include="Controls">
      <UniqueIdentifier>{cefcbc6a-e0f2-48b2-8127-63e0ef3a8574}</UniqueIdentifier>
    </Filter>
    <Filter Include="Dsp">
      <UniqueIdentifier>{75c6aae2-ca57-4616-a7f9-28039b4a3c26}</UniqueIdentifier>
    </Filter>
    <Filter Include="Interfaces">
      <UniqueIdentifier>{3e3c30d3-0109-4be6-b5b7-ce2fd0ab8956}</UniqueIdentifier>
    </Filter>
    <Filter Include="Presets">
      <UniqueIdentifier>{71c7430d-02dc-4189-962c-d958c4be56f2}</UniqueIdentifier>
    </Filter>
  </ItemGroup>
  <ItemGroup>
    <ClInclude Include="..\wdl-ol\WDL\rtaudiomidi\RtAudio.h">
      <Filter>app\RtAudioMidi</Filter>
    </ClInclude>
    <ClInclude Include="..\wdl-ol\WDL\rtaudiomidi\RtError.h">
      <Filter>app\RtAudioMidi</Filter>
    </ClInclude>
    <ClInclude Include="..\wdl-ol\WDL\rtaudiomidi\RtMidi.h">
      <Filter>app\RtAudioMidi</Filter>
    </ClInclude>
    <ClInclude Include="..\wdl-ol\ASIO_SDK\asiosys.h">
      <Filter>app\ASIO_SDK</Filter>
    </ClInclude>
    <ClInclude Include="..\wdl-ol\ASIO_SDK\ginclude.h">
      <Filter>app\ASIO_SDK</Filter>
    </ClInclude>
    <ClInclude Include="..\wdl-ol\ASIO_SDK\iasiodrv.h">
      <Filter>app\ASIO_SDK</Filter>
    </ClInclude>
    <ClInclude Include="..\wdl-ol\ASIO_SDK\asio.h">
      <Filter>app\ASIO_SDK</Filter>
    </ClInclude>
    <ClInclude Include="..\wdl-ol\ASIO_SDK\asiodrivers.h">
      <Filter>app\ASIO_SDK</Filter>
    </ClInclude>
    <ClInclude Include="..\wdl-ol\ASIO_SDK\asiolist.h">
      <Filter>app\ASIO_SDK</Filter>
    </ClInclude>
    <ClInclude Include="app_wrapper\app_main.h">
      <Filter>app</Filter>
    </ClInclude>
    <ClInclude Include="..\wdl-ol\WDL\IPlug\IPlugStandalone.h">
      <Filter>app</Filter>
    </ClInclude>
    <ClInclude Include="app_wrapper\app_resource.h">
      <Filter>app</Filter>
    </ClInclude>
    <ClInclude Include="src\MultifuzzPresets.h" />
    <ClInclude Include="src\MultifuzzEditor.h" />
    <ClInclude Include="src\Multifuzz.h" />
    <ClInclude Include="src\resource.h" />
    <ClInclude Include="src\controls\PeakMeter.h">
      <Filter>Controls</Filter>
    </ClInclude>
    <ClInclude Include="src\controls\MultifuzzKnob.h">
      <Filter>Controls</Filter>
    </ClInclude>
    <ClInclude Include="src\dsp\GainController.h">
      <Filter>Dsp</Filter>
    </ClInclude>
    <ClInclude Include="src\MultifuzzParameterManager.h" />
    <ClInclude Include="src\interfaces\IParameterListener.h">
      <Filter>Interfaces</Filter>
    </ClInclude>
    <ClInclude Include="src\dsp\BandDistortion.h">
      <Filter>Dsp</Filter>
    </ClInclude>
    <ClInclude Include="src\dsp\Filter.h">
      <Filter>Dsp</Filter>
    </ClInclude>
    <ClInclude Include="src\dsp\BandPass.h">
      <Filter>Dsp</Filter>
    </ClInclude>
    <ClInclude Include="src\enums\EFilterType.h">
      <Filter>Enums</Filter>
    </ClInclude>
    <ClInclude Include="src\AudioProcessor.h" />
    <ClInclude Include="src\interfaces\IPeakListener.h">
      <Filter>Interfaces</Filter>
    </ClInclude>
    <ClInclude Include="src\interfaces\IDigitalSignalProcessor.h">
      <Filter>Interfaces</Filter>
    </ClInclude>
    <ClInclude Include="src\constants\LayoutConstants.h">
      <Filter>Constants</Filter>
    </ClInclude>
    <ClInclude Include="src\structs\Parameter.h">
      <Filter>Structs</Filter>
    </ClInclude>
    <ClInclude Include="src\structs\Preset.h">
      <Filter>Structs</Filter>
    </ClInclude>
    <ClInclude Include="src\enums\EParameter.h">
      <Filter>Enums</Filter>
    </ClInclude>
    <ClInclude Include="src\enums\EParameterType.h">
      <Filter>Enums</Filter>
    </ClInclude>
    <ClInclude Include="src\dsp\Distortion.h">
      <Filter>Dsp</Filter>
    </ClInclude>
    <ClInclude Include="src\presets\SweetyFuzzPreset.h">
      <Filter>Presets</Filter>
    </ClInclude>
    <ClInclude Include="src\presets\MentalFuzzPreset.h">
      <Filter>Presets</Filter>
    </ClInclude>
    <ClInclude Include="src\presets\MegaFuzzPreset.h">
      <Filter>Presets</Filter>
    </ClInclude>
    <ClInclude Include="src\presets\FuzzyFuzzPreset.h">
      <Filter>Presets</Filter>
    </ClInclude>
    <ClInclude Include="src\enums\EDistortionType.h">
      <Filter>Enums</Filter>
    </ClInclude>
    <ClInclude Include="src\structs\BandDistortionParameterSet.h">
      <Filter>Structs</Filter>
    </ClInclude>
    <ClInclude Include="src\presets\DefaultPreset.h">
      <Filter>Presets</Filter>
    </ClInclude>
    <ClInclude Include="src\dsp\WetDryController.h">
      <Filter>Dsp</Filter>
    </ClInclude>
    <ClInclude Include="src\controls\VuMeter.h">
      <Filter>Controls</Filter>
    </ClInclude>
  </ItemGroup>
  <ItemGroup>
    <ClCompile Include="..\wdl-ol\WDL\rtaudiomidi\RtAudio.cpp">
      <Filter>app\RtAudioMidi</Filter>
    </ClCompile>
    <ClCompile Include="..\wdl-ol\WDL\rtaudiomidi\RtMidi.cpp">
      <Filter>app\RtAudioMidi</Filter>
    </ClCompile>
    <ClCompile Include="..\wdl-ol\ASIO_SDK\asio.cpp">
      <Filter>app\ASIO_SDK</Filter>
    </ClCompile>
    <ClCompile Include="..\wdl-ol\ASIO_SDK\asiodrivers.cpp">
      <Filter>app\ASIO_SDK</Filter>
    </ClCompile>
    <ClCompile Include="..\wdl-ol\ASIO_SDK\asiolist.cpp">
      <Filter>app\ASIO_SDK</Filter>
    </ClCompile>
    <ClCompile Include="app_wrapper\app_dialog.cpp">
      <Filter>app</Filter>
    </ClCompile>
    <ClCompile Include="app_wrapper\app_main.cpp">
      <Filter>app</Filter>
    </ClCompile>
    <ClCompile Include="src\Multifuzz.cpp" />
    <ClCompile Include="..\wdl-ol\WDL\IPlug\IPlugStandalone.cpp">
      <Filter>app</Filter>
    </ClCompile>
    <ClCompile Include="src\MultifuzzEditor.cpp" />
    <ClCompile Include="src\MultifuzzPresets.cpp" />
    <ClCompile Include="src\controls\PeakMeter.cpp">
      <Filter>Controls</Filter>
    </ClCompile>
    <ClCompile Include="src\controls\MultifuzzKnob.cpp">
      <Filter>Controls</Filter>
    </ClCompile>
    <ClCompile Include="src\dsp\GainController.cpp">
      <Filter>Dsp</Filter>
    </ClCompile>
    <ClCompile Include="src\MultifuzzParameterManager.cpp" />
    <ClCompile Include="src\dsp\BandDistortion.cpp">
      <Filter>Dsp</Filter>
    </ClCompile>
    <ClCompile Include="src\dsp\Filter.cpp">
      <Filter>Dsp</Filter>
    </ClCompile>
    <ClCompile Include="src\dsp\BandPass.cpp">
      <Filter>Dsp</Filter>
    </ClCompile>
    <ClCompile Include="src\AudioProcessor.cpp" />
    <ClCompile Include="src\dsp\Distortion.cpp">
      <Filter>Dsp</Filter>
    </ClCompile>
    <ClCompile Include="src\dsp\WetDryController.cpp">
      <Filter>Dsp</Filter>
    </ClCompile>
    <ClCompile Include="src\controls\VuMeter.cpp">
      <Filter>Controls</Filter>
    </ClCompile>
  </ItemGroup>
  <ItemGroup>
    <ResourceCompile Include="Multifuzz.rc">
      <Filter>Resources</Filter>
    </ResourceCompile>
  </ItemGroup>
</Project>