<?xml version="1.0" encoding="utf-8"?>
<Project ToolsVersion="4.0" xmlns="http://schemas.microsoft.com/developer/msbuild/2003">
  <ItemGroup>
    <ClCompile Include="src\Multifuzz.cpp" />
    <ClCompile Include="..\wdl-ol\WDL\IPlug\IPlugVST.cpp">
      <Filter>vst2</Filter>
    </ClCompile>
    <ClCompile Include="src\MultifuzzEditor.cpp" />
    <ClCompile Include="src\MultifuzzPresets.cpp" />
    <ClCompile Include="src\controls\PeakMeter.cpp">
      <Filter>Controls</Filter>
    </ClCompile>
    <ClCompile Include="src\controls\MultifuzzKnob.cpp">
      <Filter>Controls</Filter>
    </ClCompile>
    <ClCompile Include="src\MultifuzzParameterManager.cpp" />
    <ClCompile Include="src\dsp\GainController.cpp">
      <Filter>Dsp</Filter>
    </ClCompile>
    <ClCompile Include="src\dsp\BandDistortion.cpp">
      <Filter>Dsp</Filter>
    </ClCompile>
    <ClCompile Include="src\dsp\BandPass.cpp">
      <Filter>Dsp</Filter>
    </ClCompile>
    <ClCompile Include="src\dsp\Distortion.cpp">
      <Filter>Dsp</Filter>
    </ClCompile>
    <ClCompile Include="src\dsp\Filter.cpp">
      <Filter>Dsp</Filter>
    </ClCompile>
    <ClCompile Include="src\AudioProcessor.cpp" />
    <ClCompile Include="src\dsp\WetDryController.cpp">
      <Filter>Dsp</Filter>
    </ClCompile>
    <ClCompile Include="src\controls\VuMeter.cpp">
      <Filter>Controls</Filter>
    </ClCompile>
  </ItemGroup>
  <ItemGroup>
    <ClInclude Include="..\wdl-ol\WDL\IPlug\IPlugVST.h">
      <Filter>vst2</Filter>
    </ClInclude>
    <ClInclude Include="src\src\LayoutConstants.h">
      <Filter>Constants</Filter>
    </ClInclude>
    <ClInclude Include="src\resource.h" />
    <ClInclude Include="src\Multifuzz.h" />
    <ClInclude Include="src\MultifuzzEditor.h" />
    <ClInclude Include="src\MultifuzzPresets.h" />
    <ClInclude Include="src\controls\PeakMeter.h">
      <Filter>Controls</Filter>
    </ClInclude>
    <ClInclude Include="src\controls\MultifuzzKnob.h">
      <Filter>Controls</Filter>
    </ClInclude>
    <ClInclude Include="src\MultifuzzParameterManager.h" />
    <ClInclude Include="src\interfaces\IParameterListener.h">
      <Filter>Interfaces</Filter>
    </ClInclude>
    <ClInclude Include="src\dsp\GainController.h">
      <Filter>Dsp</Filter>
    </ClInclude>
    <ClInclude Include="src\interfaces\IAudioProcessor.h">
      <Filter>Interfaces</Filter>
    </ClInclude>
    <ClInclude Include="src\dsp\BandDistortion.h">
      <Filter>Dsp</Filter>
    </ClInclude>
    <ClInclude Include="src\dsp\BandPass.h">
      <Filter>Dsp</Filter>
    </ClInclude>
    <ClInclude Include="src\dsp\Distortion.h">
      <Filter>Dsp</Filter>
    </ClInclude>
    <ClInclude Include="src\enums\EFilterType.h">
      <Filter>Enums</Filter>
    </ClInclude>
    <ClInclude Include="src\dsp\Filter.h">
      <Filter>Dsp</Filter>
    </ClInclude>
    <ClInclude Include="src\AudioProcessor.h" />
    <ClInclude Include="src\interfaces\IPeakListener.h">
      <Filter>Interfaces</Filter>
    </ClInclude>
    <ClInclude Include="src\enums\EParameterType.h">
      <Filter>Enums</Filter>
    </ClInclude>
    <ClInclude Include="src\enums\EParameter.h">
      <Filter>Enums</Filter>
    </ClInclude>
    <ClInclude Include="src\presets\SweetyFuzzPreset.h">
      <Filter>Presets</Filter>
    </ClInclude>
    <ClInclude Include="src\presets\FuzzyFuzzPreset.h">
      <Filter>Presets</Filter>
    </ClInclude>
    <ClInclude Include="src\presets\MegaFuzzPreset.h">
      <Filter>Presets</Filter>
    </ClInclude>
    <ClInclude Include="src\presets\MentalFuzzPreset.h">
      <Filter>Presets</Filter>
    </ClInclude>
    <ClInclude Include="src\enums\EDistortionType.h">
      <Filter>Enums</Filter>
    </ClInclude>
    <ClInclude Include="src\structs\BandDistortionParameterSet.h">
      <Filter>Structs</Filter>
    </ClInclude>
    <ClInclude Include="src\presets\DefaultPreset.h">
      <Filter>Presets</Filter>
    </ClInclude>
    <ClInclude Include="src\dsp\WetDryController.h">
      <Filter>Dsp</Filter>
    </ClInclude>
    <ClInclude Include="src\structs\Preset.h">
      <Filter>Structs</Filter>
    </ClInclude>
    <ClInclude Include="src\structs\Parameter.h">
      <Filter>Structs</Filter>
    </ClInclude>
    <ClInclude Include="src\controls\VuMeter.h">
      <Filter>Controls</Filter>
    </ClInclude>
  </ItemGroup>
  <ItemGroup>
    <Filter Include="vst2">
      <UniqueIdentifier>{ea16de74-9d15-4c60-ba09-d0924088d3e5}</UniqueIdentifier>
    </Filter>
    <Filter Include="Enums">
      <UniqueIdentifier>{efb14d12-53d4-43bb-a965-336ebcbe019c}</UniqueIdentifier>
    </Filter>
    <Filter Include="Resources">
      <UniqueIdentifier>{1c2b4d1d-f572-4613-b94f-778efc91ae27}</UniqueIdentifier>
    </Filter>
    <Filter Include="Constants">
      <UniqueIdentifier>{14a5fc7c-1a6f-4292-9aef-ec45b8297b3e}</UniqueIdentifier>
    </Filter>
    <Filter Include="Structs">
      <UniqueIdentifier>{b7ca4a29-8062-4a12-9e5a-5bbe2cd56915}</UniqueIdentifier>
    </Filter>
    <Filter Include="Controls">
      <UniqueIdentifier>{ef2afd98-e848-4742-a2b9-41510793c4de}</UniqueIdentifier>
    </Filter>
    <Filter Include="Interfaces">
      <UniqueIdentifier>{7696952b-18b1-4b83-9ea7-df91c10f910e}</UniqueIdentifier>
    </Filter>
    <Filter Include="Dsp">
      <UniqueIdentifier>{51052f97-e759-4769-b157-3e847f1eca6f}</UniqueIdentifier>
    </Filter>
    <Filter Include="Presets">
      <UniqueIdentifier>{566dbe98-b73a-4e72-a7f8-9332c5f5f049}</UniqueIdentifier>
    </Filter>
  </ItemGroup>
  <ItemGroup>
    <ResourceCompile Include="Multifuzz.rc">
      <Filter>Resources</Filter>
    </ResourceCompile>
  </ItemGroup>
</Project>