<?xml version="1.0" encoding="utf-8"?>
<Project ToolsVersion="4.0" xmlns="http://schemas.microsoft.com/developer/msbuild/2003">
  <ItemGroup>
    <ClCompile Include="src\Multifuzz.cpp" />
    <ClCompile Include="..\wdl-ol\VST3_SDK\pluginterfaces\base\funknown.cpp">
      <Filter>vst3\VST3SDK\pluginterfaces\base</Filter>
    </ClCompile>
    <ClCompile Include="..\wdl-ol\VST3_SDK\pluginterfaces\base\ustring.cpp">
      <Filter>vst3\VST3SDK\pluginterfaces\base</Filter>
    </ClCompile>
    <ClCompile Include="..\wdl-ol\VST3_SDK\public.sdk\source\common\pluginview.cpp">
      <Filter>vst3\VST3SDK\public.sdk\common</Filter>
    </ClCompile>
    <ClCompile Include="..\wdl-ol\VST3_SDK\public.sdk\source\vst\vstaudioeffect.cpp">
      <Filter>vst3\VST3SDK\public.sdk\vst</Filter>
    </ClCompile>
    <ClCompile Include="..\wdl-ol\VST3_SDK\public.sdk\source\vst\vstbus.cpp">
      <Filter>vst3\VST3SDK\public.sdk\vst</Filter>
    </ClCompile>
    <ClCompile Include="..\wdl-ol\VST3_SDK\public.sdk\source\vst\vstcomponent.cpp">
      <Filter>vst3\VST3SDK\public.sdk\vst</Filter>
    </ClCompile>
    <ClCompile Include="..\wdl-ol\VST3_SDK\public.sdk\source\vst\vstcomponentbase.cpp">
      <Filter>vst3\VST3SDK\public.sdk\vst</Filter>
    </ClCompile>
    <ClCompile Include="..\wdl-ol\VST3_SDK\public.sdk\source\vst\vstinitiids.cpp">
      <Filter>vst3\VST3SDK\public.sdk\vst</Filter>
    </ClCompile>
    <ClCompile Include="..\wdl-ol\VST3_SDK\public.sdk\source\vst\vstparameters.cpp">
      <Filter>vst3\VST3SDK\public.sdk\vst</Filter>
    </ClCompile>
    <ClCompile Include="..\wdl-ol\VST3_SDK\public.sdk\source\main\dllmain.cpp">
      <Filter>vst3\VST3SDK\public.sdk\main</Filter>
    </ClCompile>
    <ClCompile Include="..\wdl-ol\VST3_SDK\public.sdk\source\main\pluginfactoryvst3.cpp">
      <Filter>vst3\VST3SDK\public.sdk\main</Filter>
    </ClCompile>
    <ClCompile Include="..\wdl-ol\VST3_SDK\public.sdk\source\vst\vstsinglecomponenteffect.cpp">
      <Filter>vst3\VST3SDK\public.sdk\vst</Filter>
    </ClCompile>
    <ClCompile Include="..\wdl-ol\WDL\IPlug\IPlugVST3.cpp">
      <Filter>vst3</Filter>
    </ClCompile>
    <ClCompile Include="src\MultifuzzEditor.cpp" />
    <ClCompile Include="src\MultifuzzPresets.cpp" />
    <ClCompile Include="src\controls\PeakMeter.cpp">
      <Filter>Controls</Filter>
    </ClCompile>
    <ClCompile Include="src\controls\MultifuzzKnob.cpp">
      <Filter>Controls</Filter>
    </ClCompile>
    <ClCompile Include="src\MultifuzzParameterManager.cpp" />
    <ClCompile Include="src\dsp\GainController.cpp">
      <Filter>Dsp</Filter>
    </ClCompile>
    <ClCompile Include="src\dsp\BandDistortion.cpp">
      <Filter>Dsp</Filter>
    </ClCompile>
    <ClCompile Include="src\dsp\BandPass.cpp">
      <Filter>Dsp</Filter>
    </ClCompile>
    <ClCompile Include="src\dsp\Distortion.cpp">
      <Filter>Dsp</Filter>
    </ClCompile>
    <ClCompile Include="src\dsp\Filter.cpp">
      <Filter>Dsp</Filter>
    </ClCompile>
    <ClCompile Include="src\AudioProcessor.cpp" />
  </ItemGroup>
  <ItemGroup>
    <ClInclude Include="..\wdl-ol\VST3_SDK\pluginterfaces\base\falignpop.h">
      <Filter>vst3\VST3SDK\pluginterfaces\base</Filter>
    </ClInclude>
    <ClInclude Include="..\wdl-ol\VST3_SDK\pluginterfaces\base\falignpush.h">
      <Filter>vst3\VST3SDK\pluginterfaces\base</Filter>
    </ClInclude>
    <ClInclude Include="..\wdl-ol\VST3_SDK\pluginterfaces\base\fplatform.h">
      <Filter>vst3\VST3SDK\pluginterfaces\base</Filter>
    </ClInclude>
    <ClInclude Include="..\wdl-ol\VST3_SDK\pluginterfaces\base\ftypes.h">
      <Filter>vst3\VST3SDK\pluginterfaces\base</Filter>
    </ClInclude>
    <ClInclude Include="..\wdl-ol\VST3_SDK\pluginterfaces\base\funknown.h">
      <Filter>vst3\VST3SDK\pluginterfaces\base</Filter>
    </ClInclude>
    <ClInclude Include="..\wdl-ol\VST3_SDK\pluginterfaces\base\ipluginbase.h">
      <Filter>vst3\VST3SDK\pluginterfaces\base</Filter>
    </ClInclude>
    <ClInclude Include="..\wdl-ol\VST3_SDK\pluginterfaces\base\keycodes.h">
      <Filter>vst3\VST3SDK\pluginterfaces\base</Filter>
    </ClInclude>
    <ClInclude Include="..\wdl-ol\VST3_SDK\pluginterfaces\base\ustring.h">
      <Filter>vst3\VST3SDK\pluginterfaces\base</Filter>
    </ClInclude>
    <ClInclude Include="..\wdl-ol\VST3_SDK\pluginterfaces\vst\ivstattributes.h">
      <Filter>vst3\VST3SDK\pluginterfaces\vst</Filter>
    </ClInclude>
    <ClInclude Include="..\wdl-ol\VST3_SDK\pluginterfaces\vst\ivstaudioprocessor.h">
      <Filter>vst3\VST3SDK\pluginterfaces\vst</Filter>
    </ClInclude>
    <ClInclude Include="..\wdl-ol\VST3_SDK\pluginterfaces\vst\ivstcomponent.h">
      <Filter>vst3\VST3SDK\pluginterfaces\vst</Filter>
    </ClInclude>
    <ClInclude Include="..\wdl-ol\VST3_SDK\pluginterfaces\vst\ivsteditcontroller.h">
      <Filter>vst3\VST3SDK\pluginterfaces\vst</Filter>
    </ClInclude>
    <ClInclude Include="..\wdl-ol\VST3_SDK\pluginterfaces\vst\ivstevents.h">
      <Filter>vst3\VST3SDK\pluginterfaces\vst</Filter>
    </ClInclude>
    <ClInclude Include="..\wdl-ol\VST3_SDK\pluginterfaces\vst\ivsthostapplication.h">
      <Filter>vst3\VST3SDK\pluginterfaces\vst</Filter>
    </ClInclude>
    <ClInclude Include="..\wdl-ol\VST3_SDK\pluginterfaces\vst\ivstmessage.h">
      <Filter>vst3\VST3SDK\pluginterfaces\vst</Filter>
    </ClInclude>
    <ClInclude Include="..\wdl-ol\VST3_SDK\pluginterfaces\vst\ivstmidicontrollers.h">
      <Filter>vst3\VST3SDK\pluginterfaces\vst</Filter>
    </ClInclude>
    <ClInclude Include="..\wdl-ol\VST3_SDK\pluginterfaces\vst\ivstparameterchanges.h">
      <Filter>vst3\VST3SDK\pluginterfaces\vst</Filter>
    </ClInclude>
    <ClInclude Include="..\wdl-ol\VST3_SDK\pluginterfaces\vst\ivstprocesscontext.h">
      <Filter>vst3\VST3SDK\pluginterfaces\vst</Filter>
    </ClInclude>
    <ClInclude Include="..\wdl-ol\VST3_SDK\pluginterfaces\vst\ivstunits.h">
      <Filter>vst3\VST3SDK\pluginterfaces\vst</Filter>
    </ClInclude>
    <ClInclude Include="..\wdl-ol\VST3_SDK\pluginterfaces\vst\vstpresetkeys.h">
      <Filter>vst3\VST3SDK\pluginterfaces\vst</Filter>
    </ClInclude>
    <ClInclude Include="..\wdl-ol\VST3_SDK\pluginterfaces\vst\vsttypes.h">
      <Filter>vst3\VST3SDK\pluginterfaces\vst</Filter>
    </ClInclude>
    <ClInclude Include="..\wdl-ol\VST3_SDK\pluginterfaces\gui\iplugview.h">
      <Filter>vst3\VST3SDK\pluginterfaces\gui</Filter>
    </ClInclude>
    <ClInclude Include="..\wdl-ol\VST3_SDK\public.sdk\source\common\pluginview.h">
      <Filter>vst3\VST3SDK\public.sdk\common</Filter>
    </ClInclude>
    <ClInclude Include="..\wdl-ol\VST3_SDK\public.sdk\source\vst\vstaudioeffect.h">
      <Filter>vst3\VST3SDK\public.sdk\vst</Filter>
    </ClInclude>
    <ClInclude Include="..\wdl-ol\VST3_SDK\public.sdk\source\vst\vstbus.h">
      <Filter>vst3\VST3SDK\public.sdk\vst</Filter>
    </ClInclude>
    <ClInclude Include="..\wdl-ol\VST3_SDK\public.sdk\source\vst\vstcomponent.h">
      <Filter>vst3\VST3SDK\public.sdk\vst</Filter>
    </ClInclude>
    <ClInclude Include="..\wdl-ol\VST3_SDK\public.sdk\source\vst\vstcomponentbase.h">
      <Filter>vst3\VST3SDK\public.sdk\vst</Filter>
    </ClInclude>
    <ClInclude Include="..\wdl-ol\VST3_SDK\public.sdk\source\vst\vsteditcontroller.h">
      <Filter>vst3\VST3SDK\public.sdk\vst</Filter>
    </ClInclude>
    <ClInclude Include="..\wdl-ol\VST3_SDK\public.sdk\source\vst\vstparameters.h">
      <Filter>vst3\VST3SDK\public.sdk\vst</Filter>
    </ClInclude>
    <ClInclude Include="..\wdl-ol\VST3_SDK\public.sdk\source\main\pluginfactoryvst3.h">
      <Filter>vst3\VST3SDK\public.sdk\main</Filter>
    </ClInclude>
    <ClInclude Include="..\wdl-ol\VST3_SDK\public.sdk\source\vst\vstsinglecomponenteffect.h">
      <Filter>vst3\VST3SDK\public.sdk\vst</Filter>
    </ClInclude>
    <ClInclude Include="..\wdl-ol\WDL\IPlug\IPlugVST3.h">
      <Filter>vst3</Filter>
    </ClInclude>
    <ClInclude Include="src\src\LayoutConstants.h">
      <Filter>Constants</Filter>
    </ClInclude>
    <ClInclude Include="src\Multifuzz.h" />
    <ClInclude Include="src\MultifuzzPresets.h" />
    <ClInclude Include="src\Preset.h">
      <Filter>Structs</Filter>
    </ClInclude>
    <ClInclude Include="src\resource.h" />
    <ClInclude Include="src\MultifuzzEditor.h" />
    <ClInclude Include="src\Parameter.h">
      <Filter>Structs</Filter>
    </ClInclude>
    <ClInclude Include="src\controls\PeakMeter.h">
      <Filter>Controls</Filter>
    </ClInclude>
    <ClInclude Include="src\controls\MultifuzzKnob.h">
      <Filter>Controls</Filter>
    </ClInclude>
    <ClInclude Include="src\MultifuzzParameterManager.h" />
    <ClInclude Include="src\interfaces\IParameterListener.h">
      <Filter>Interfaces</Filter>
    </ClInclude>
    <ClInclude Include="src\dsp\GainController.h">
      <Filter>Dsp</Filter>
    </ClInclude>
    <ClInclude Include="src\interfaces\IAudioProcessor.h">
      <Filter>Interfaces</Filter>
    </ClInclude>
    <ClInclude Include="src\dsp\BandDistortion.h">
      <Filter>Dsp</Filter>
    </ClInclude>
    <ClInclude Include="src\dsp\BandPass.h">
      <Filter>Dsp</Filter>
    </ClInclude>
    <ClInclude Include="src\dsp\Distortion.h">
      <Filter>Dsp</Filter>
    </ClInclude>
    <ClInclude Include="src\enums\EFilterType.h">
      <Filter>Enums</Filter>
    </ClInclude>
    <ClInclude Include="src\dsp\Filter.h">
      <Filter>Dsp</Filter>
    </ClInclude>
    <ClInclude Include="src\AudioProcessor.h" />
    <ClInclude Include="src\interfaces\IPeakListener.h">
      <Filter>Interfaces</Filter>
    </ClInclude>
    <ClInclude Include="src\enums\EParameter.h">
      <Filter>Enums</Filter>
    </ClInclude>
    <ClInclude Include="src\enums\EParameterType.h">
      <Filter>Enums</Filter>
    </ClInclude>
    <ClInclude Include="src\presets\SweetyFuzzPreset.h">
      <Filter>Presets</Filter>
    </ClInclude>
    <ClInclude Include="src\presets\FuzzyFuzzPreset.h">
      <Filter>Presets</Filter>
    </ClInclude>
    <ClInclude Include="src\presets\MegaFuzzPreset.h">
      <Filter>Presets</Filter>
    </ClInclude>
    <ClInclude Include="src\presets\MentalFuzzPreset.h">
      <Filter>Presets</Filter>
    </ClInclude>
  </ItemGroup>
  <ItemGroup>
    <Filter Include="vst3">
      <UniqueIdentifier>{0028f8fa-40ce-4098-b1d7-1930d1a7774b}</UniqueIdentifier>
    </Filter>
    <Filter Include="vst3\VST3SDK">
      <UniqueIdentifier>{d33dc1fa-0b31-40b9-a240-b065db740979}</UniqueIdentifier>
    </Filter>
    <Filter Include="vst3\VST3SDK\pluginterfaces">
      <UniqueIdentifier>{1da1c979-a505-4558-b877-1a2da0e4e758}</UniqueIdentifier>
    </Filter>
    <Filter Include="vst3\VST3SDK\pluginterfaces\base">
      <UniqueIdentifier>{cf0c95d2-7b5a-4afa-8a3e-546800d9b337}</UniqueIdentifier>
    </Filter>
    <Filter Include="vst3\VST3SDK\pluginterfaces\vst">
      <UniqueIdentifier>{babb4a18-d1d6-467e-af1c-fb852400f591}</UniqueIdentifier>
    </Filter>
    <Filter Include="vst3\VST3SDK\pluginterfaces\gui">
      <UniqueIdentifier>{a0598a21-18c6-4da8-98a8-bebbf0f37b34}</UniqueIdentifier>
    </Filter>
    <Filter Include="vst3\VST3SDK\public.sdk">
      <UniqueIdentifier>{bc78847c-a41c-4ad7-8a8e-2ea825bc2f8e}</UniqueIdentifier>
    </Filter>
    <Filter Include="vst3\VST3SDK\public.sdk\common">
      <UniqueIdentifier>{23863805-5085-4669-8675-167aba1f0fc9}</UniqueIdentifier>
    </Filter>
    <Filter Include="vst3\VST3SDK\public.sdk\vst">
      <UniqueIdentifier>{00ff2592-e5ef-4ab1-8b06-c42242d80c52}</UniqueIdentifier>
    </Filter>
    <Filter Include="vst3\VST3SDK\public.sdk\main">
      <UniqueIdentifier>{ec7b025c-4ef1-4403-956b-b3673b4715b8}</UniqueIdentifier>
    </Filter>
    <Filter Include="Enums">
      <UniqueIdentifier>{2ba0bf6f-e794-47cb-b496-dccb48282fcf}</UniqueIdentifier>
    </Filter>
    <Filter Include="Resources">
      <UniqueIdentifier>{13789183-564e-4188-8dd9-7248a284bb2a}</UniqueIdentifier>
    </Filter>
    <Filter Include="Constants">
      <UniqueIdentifier>{52d4b296-f205-4879-b805-015e1372f4b0}</UniqueIdentifier>
    </Filter>
    <Filter Include="Structs">
      <UniqueIdentifier>{3210ebf7-2d33-4a78-ae84-e061dc678710}</UniqueIdentifier>
    </Filter>
    <Filter Include="Controls">
      <UniqueIdentifier>{5f7dbd6e-520c-422c-9a19-902b0a7937f1}</UniqueIdentifier>
    </Filter>
    <Filter Include="Interfaces">
      <UniqueIdentifier>{dcc84f25-cd5e-49d8-b80b-183b0393072c}</UniqueIdentifier>
    </Filter>
    <Filter Include="Dsp">
      <UniqueIdentifier>{b026ecc8-e00a-4b35-9b01-41092f60cfa5}</UniqueIdentifier>
    </Filter>
    <Filter Include="Presets">
      <UniqueIdentifier>{30889c67-4d35-4e12-a5c5-9c1d33d6c74a}</UniqueIdentifier>
    </Filter>
  </ItemGroup>
  <ItemGroup>
    <ResourceCompile Include="Multifuzz.rc">
      <Filter>Resources</Filter>
    </ResourceCompile>
  </ItemGroup>
</Project>